
Microsoft Visual Studio Solution File, Format Version 12.00
# Visual Studio 15
VisualStudioVersion = 15.0.26430.16
MinimumVisualStudioVersion = 10.0.40219.1
Project("{FAE04EC0-301F-11D3-BF4B-00C04F79EFBC}") = "Abraham", "Abraham\Abraham.csproj", "{C14E557C-25B9-4982-BA88-31C53F9AC48C}"
EndProject
Project("{2150E333-8FDC-42A3-9474-1A3956D46DE8}") = "Clients", "Clients", "{08AB460C-6D06-40D2-8CCA-A9F7969A94C7}"
EndProject
Project("{2150E333-8FDC-42A3-9474-1A3956D46DE8}") = "Tests", "Tests", "{344D5B27-753C-4D15-B0D8-A4F42C65BEBF}"
EndProject
Project("{2150E333-8FDC-42A3-9474-1A3956D46DE8}") = "Core", "Core", "{82F7E9FE-BAFC-4D30-8FB0-9CA447B7E560}"
EndProject
Project("{FAE04EC0-301F-11D3-BF4B-00C04F79EFBC}") = "Abraham.Framework", "Abraham.Framework\Abraham.Framework.csproj", "{461E78A3-7E20-4CB4-81FB-2A396724D845}"
EndProject
Project("{FAE04EC0-301F-11D3-BF4B-00C04F79EFBC}") = "Abraham.Domain.Data", "Abraham.Domain.Data\Abraham.Domain.Data.csproj", "{1B2C2586-293E-4A03-BB63-A5B8CD39E492}"
EndProject
Project("{FAE04EC0-301F-11D3-BF4B-00C04F79EFBC}") = "Abraham.Domain.Business", "Abraham.Domain.Business\Abraham.Domain.Business.csproj", "{896E3B63-EBD8-4146-9803-5EF129F91A79}"
EndProject
Project("{FAE04EC0-301F-11D3-BF4B-00C04F79EFBC}") = "Abraham.Domain.Busines.Tests", "Abraham.Domain.Busines.Tests\Abraham.Domain.Busines.Tests.csproj", "{789124DE-8D01-4A55-9393-5D52954C782F}"
EndProject
Global
	GlobalSection(SolutionConfigurationPlatforms) = preSolution
		Debug|Any CPU = Debug|Any CPU
		Release|Any CPU = Release|Any CPU
	EndGlobalSection
	GlobalSection(ProjectConfigurationPlatforms) = postSolution
		{C14E557C-25B9-4982-BA88-31C53F9AC48C}.Debug|Any CPU.ActiveCfg = Debug|Any CPU
		{C14E557C-25B9-4982-BA88-31C53F9AC48C}.Debug|Any CPU.Build.0 = Debug|Any CPU
		{C14E557C-25B9-4982-BA88-31C53F9AC48C}.Release|Any CPU.ActiveCfg = Release|Any CPU
		{C14E557C-25B9-4982-BA88-31C53F9AC48C}.Release|Any CPU.Build.0 = Release|Any CPU
		{461E78A3-7E20-4CB4-81FB-2A396724D845}.Debug|Any CPU.ActiveCfg = Debug|Any CPU
		{461E78A3-7E20-4CB4-81FB-2A396724D845}.Debug|Any CPU.Build.0 = Debug|Any CPU
		{461E78A3-7E20-4CB4-81FB-2A396724D845}.Release|Any CPU.ActiveCfg = Release|Any CPU
		{461E78A3-7E20-4CB4-81FB-2A396724D845}.Release|Any CPU.Build.0 = Release|Any CPU
		{1B2C2586-293E-4A03-BB63-A5B8CD39E492}.Debug|Any CPU.ActiveCfg = Debug|Any CPU
		{1B2C2586-293E-4A03-BB63-A5B8CD39E492}.Debug|Any CPU.Build.0 = Debug|Any CPU
		{1B2C2586-293E-4A03-BB63-A5B8CD39E492}.Release|Any CPU.ActiveCfg = Release|Any CPU
		{1B2C2586-293E-4A03-BB63-A5B8CD39E492}.Release|Any CPU.Build.0 = Release|Any CPU
		{896E3B63-EBD8-4146-9803-5EF129F91A79}.Debug|Any CPU.ActiveCfg = Debug|Any CPU
		{896E3B63-EBD8-4146-9803-5EF129F91A79}.Debug|Any CPU.Build.0 = Debug|Any CPU
		{896E3B63-EBD8-4146-9803-5EF129F91A79}.Release|Any CPU.ActiveCfg = Release|Any CPU
		{896E3B63-EBD8-4146-9803-5EF129F91A79}.Release|Any CPU.Build.0 = Release|Any CPU
		{789124DE-8D01-4A55-9393-5D52954C782F}.Debug|Any CPU.ActiveCfg = Debug|Any CPU
		{789124DE-8D01-4A55-9393-5D52954C782F}.Debug|Any CPU.Build.0 = Debug|Any CPU
		{789124DE-8D01-4A55-9393-5D52954C782F}.Release|Any CPU.ActiveCfg = Release|Any CPU
		{789124DE-8D01-4A55-9393-5D52954C782F}.Release|Any CPU.Build.0 = Release|Any CPU
	EndGlobalSection
	GlobalSection(SolutionProperties) = preSolution
		HideSolutionNode = FALSE
	EndGlobalSection
	GlobalSection(NestedProjects) = preSolution
		{C14E557C-25B9-4982-BA88-31C53F9AC48C} = {08AB460C-6D06-40D2-8CCA-A9F7969A94C7}
		{461E78A3-7E20-4CB4-81FB-2A396724D845} = {82F7E9FE-BAFC-4D30-8FB0-9CA447B7E560}
		{1B2C2586-293E-4A03-BB63-A5B8CD39E492} = {82F7E9FE-BAFC-4D30-8FB0-9CA447B7E560}
		{896E3B63-EBD8-4146-9803-5EF129F91A79} = {82F7E9FE-BAFC-4D30-8FB0-9CA447B7E560}
		{789124DE-8D01-4A55-9393-5D52954C782F} = {344D5B27-753C-4D15-B0D8-A4F42C65BEBF}
	EndGlobalSection
EndGlobal
